<?xml version="1.0" encoding="UTF-8" standalone="yes" ?>
<CodeBlocks_project_file>
	<FileVersion major="1" minor="6" />
	<Project>
		<Option title="InputManager" />
		<Option pch_mode="2" />
		<Option compiler="gcc" />
		<Build>
			<Target title="Debug">
				<Option output="bin\Debug\InputManager" prefix_auto="1" extension_auto="1" />
				<Option object_output="obj\Debug\" />
				<Option type="1" />
				<Option compiler="gcc" />
				<Compiler>
					<Add option="-g" />
				</Compiler>
			</Target>
			<Target title="Release">
				<Option output="bin\Release\InputManager" prefix_auto="1" extension_auto="1" />
				<Option object_output="obj\Release\" />
				<Option type="1" />
				<Option compiler="gcc" />
				<Compiler>
					<Add option="-O2" />
				</Compiler>
				<Linker>
					<Add option="-s" />
				</Linker>
			</Target>
		</Build>
		<Compiler>
			<Add option="-Wall" />
		</Compiler>
		<Linker>
			<Add option="-lsfml-window" />
			<Add option="-lsfml-system" />
		</Linker>
		<Unit filename="..\SimpleIniParser\src\IniFile.cpp" />
		<Unit filename="..\SimpleIniParser\src\IniFile.hpp" />
		<Unit filename="src\Action.cpp" />
		<Unit filename="src\Action.hpp" />
		<Unit filename="src\Axis.cpp" />
		<Unit filename="src\Axis.hpp" />
		<Unit filename="src\Button.cpp" />
		<Unit filename="src\Button.hpp" />
		<Unit filename="src\Input.cpp" />
		<Unit filename="src\Input.hpp" />
		<Unit filename="src\InputManager.cpp" />
		<Unit filename="src\InputManager.hpp" />
		<Unit filename="src\Joystick.cpp" />
		<Unit filename="src\Joystick.hpp" />
		<Unit filename="src\Keyboard.cpp" />
		<Unit filename="src\Keyboard.hpp" />
		<Unit filename="src\Mouse.cpp" />
		<Unit filename="src\Mouse.hpp" />
		<Unit filename="src\Test.cpp" />
		<Extensions>
			<code_completion />
			<envvars />
			<debugger />
			<lib_finder disable_auto="1" />
		</Extensions>
	</Project>
</CodeBlocks_project_file>
